
Microsoft Visual Studio Solution File, Format Version 12.00
# Visual Studio Version 17
VisualStudioVersion = 17.7.34024.191
MinimumVisualStudioVersion = 10.0.40219.1
Project("{FAE04EC0-301F-11D3-BF4B-00C04F79EFBC}") = "sinav-quiz", "sinav-quiz\sinav-quiz.csproj", "{07775643-4DED-40F0-98F8-C5E90DA73CDF}"
EndProject
Global
	GlobalSection(SolutionConfigurationPlatforms) = preSolution
		Debug|Any CPU = Debug|Any CPU
		Release|Any CPU = Release|Any CPU
	EndGlobalSection
	GlobalSection(ProjectConfigurationPlatforms) = postSolution
		{07775643-4DED-40F0-98F8-C5E90DA73CDF}.Debug|Any CPU.ActiveCfg = Debug|Any CPU
		{07775643-4DED-40F0-98F8-C5E90DA73CDF}.Debug|Any CPU.Build.0 = Debug|Any CPU
		{07775643-4DED-40F0-98F8-C5E90DA73CDF}.Release|Any CPU.ActiveCfg = Release|Any CPU
		{07775643-4DED-40F0-98F8-C5E90DA73CDF}.Release|Any CPU.Build.0 = Release|Any CPU
	EndGlobalSection
	GlobalSection(SolutionProperties) = preSolution
		HideSolutionNode = FALSE
	EndGlobalSection
	GlobalSection(ExtensibilityGlobals) = postSolution
		SolutionGuid = {963AD9AF-7F8E-4535-9CAF-14881F3E7300}
	EndGlobalSection
EndGlobal
